
Microsoft Visual Studio Solution File, Format Version 12.00
# Visual Studio Version 17
VisualStudioVersion = 17.14.36915.13 d17.14
MinimumVisualStudioVersion = 10.0.40219.1
Project("{888888A0-9F3D-457C-B088-3A5042F75D52}") = "blender_addon_multi_files_template", "blender_addon_multi_files_template.pyproj", "{D5451A3C-103E-4EE6-AD66-C6AEEF354B78}"
EndProject
Global
	GlobalSection(SolutionConfigurationPlatforms) = preSolution
		Debug|Any CPU = Debug|Any CPU
		Release|Any CPU = Release|Any CPU
	EndGlobalSection
	GlobalSection(ProjectConfigurationPlatforms) = postSolution
		{D5451A3C-103E-4EE6-AD66-C6AEEF354B78}.Debug|Any CPU.ActiveCfg = Debug|Any CPU
		{D5451A3C-103E-4EE6-AD66-C6AEEF354B78}.Release|Any CPU.ActiveCfg = Release|Any CPU
	EndGlobalSection
	GlobalSection(SolutionProperties) = preSolution
		HideSolutionNode = FALSE
	EndGlobalSection
	GlobalSection(ExtensibilityGlobals) = postSolution
		SolutionGuid = {C33EC536-9D26-4664-B86B-1997E25E42C4}
	EndGlobalSection
EndGlobal
